
Microsoft Visual Studio Solution File, Format Version 12.00
# Visual Studio Version 17
VisualStudioVersion = 17.14.36811.4 d17.14
MinimumVisualStudioVersion = 10.0.40219.1
Project("{FAE04EC0-301F-11D3-BF4B-00C04F79EFBC}") = "QLSach.GUI", "QLSach.GUI\QLSach.GUI.csproj", "{37684071-705E-4307-A52B-CFF1B3A01E67}"
EndProject
Project("{FAE04EC0-301F-11D3-BF4B-00C04F79EFBC}") = "QLSach.BUS", "QLSach.BUS\QLSach.BUS.csproj", "{A0033892-D188-4C87-8404-83E71EB29291}"
EndProject
Project("{FAE04EC0-301F-11D3-BF4B-00C04F79EFBC}") = "QLSach.DAL", "QLSach.DAL\QLSach.DAL.csproj", "{13B9F368-4E77-4B18-BCD2-B57DBD8A7C04}"
EndProject
Global
	GlobalSection(SolutionConfigurationPlatforms) = preSolution
		Debug|Any CPU = Debug|Any CPU
		Release|Any CPU = Release|Any CPU
	EndGlobalSection
	GlobalSection(ProjectConfigurationPlatforms) = postSolution
		{37684071-705E-4307-A52B-CFF1B3A01E67}.Debug|Any CPU.ActiveCfg = Debug|Any CPU
		{37684071-705E-4307-A52B-CFF1B3A01E67}.Debug|Any CPU.Build.0 = Debug|Any CPU
		{37684071-705E-4307-A52B-CFF1B3A01E67}.Release|Any CPU.ActiveCfg = Release|Any CPU
		{37684071-705E-4307-A52B-CFF1B3A01E67}.Release|Any CPU.Build.0 = Release|Any CPU
		{A0033892-D188-4C87-8404-83E71EB29291}.Debug|Any CPU.ActiveCfg = Debug|Any CPU
		{A0033892-D188-4C87-8404-83E71EB29291}.Debug|Any CPU.Build.0 = Debug|Any CPU
		{A0033892-D188-4C87-8404-83E71EB29291}.Release|Any CPU.ActiveCfg = Release|Any CPU
		{A0033892-D188-4C87-8404-83E71EB29291}.Release|Any CPU.Build.0 = Release|Any CPU
		{13B9F368-4E77-4B18-BCD2-B57DBD8A7C04}.Debug|Any CPU.ActiveCfg = Debug|Any CPU
		{13B9F368-4E77-4B18-BCD2-B57DBD8A7C04}.Debug|Any CPU.Build.0 = Debug|Any CPU
		{13B9F368-4E77-4B18-BCD2-B57DBD8A7C04}.Release|Any CPU.ActiveCfg = Release|Any CPU
		{13B9F368-4E77-4B18-BCD2-B57DBD8A7C04}.Release|Any CPU.Build.0 = Release|Any CPU
	EndGlobalSection
	GlobalSection(SolutionProperties) = preSolution
		HideSolutionNode = FALSE
	EndGlobalSection
	GlobalSection(ExtensibilityGlobals) = postSolution
		SolutionGuid = {FC20FB9B-1B42-4059-AAE2-3750097FA0A7}
	EndGlobalSection
EndGlobal
